
Microsoft Visual Studio Solution File, Format Version 12.00
# Visual Studio Version 17
VisualStudioVersion = 17.5.002.0
MinimumVisualStudioVersion = 10.0.40219.1
Project("{9A19103F-16F7-4668-BE54-9A1E7A4F7556}") = "Assembly-CSharp-Editor", "Unity project\Assembly-CSharp-Editor.csproj", "{AF81B5EB-D3F3-489F-B070-071FB3BF40F3}"
EndProject
Project("{9A19103F-16F7-4668-BE54-9A1E7A4F7556}") = "Assembly-CSharp", "Unity project\Assembly-CSharp.csproj", "{03497FA5-59FB-4AC9-844E-BB03DDD7B3FF}"
EndProject
Global
	GlobalSection(SolutionConfigurationPlatforms) = preSolution
		Debug|Any CPU = Debug|Any CPU
		Release|Any CPU = Release|Any CPU
	EndGlobalSection
	GlobalSection(ProjectConfigurationPlatforms) = postSolution
		{AF81B5EB-D3F3-489F-B070-071FB3BF40F3}.Debug|Any CPU.ActiveCfg = Debug|Any CPU
		{AF81B5EB-D3F3-489F-B070-071FB3BF40F3}.Debug|Any CPU.Build.0 = Debug|Any CPU
		{AF81B5EB-D3F3-489F-B070-071FB3BF40F3}.Release|Any CPU.ActiveCfg = Release|Any CPU
		{AF81B5EB-D3F3-489F-B070-071FB3BF40F3}.Release|Any CPU.Build.0 = Release|Any CPU
		{03497FA5-59FB-4AC9-844E-BB03DDD7B3FF}.Debug|Any CPU.ActiveCfg = Debug|Any CPU
		{03497FA5-59FB-4AC9-844E-BB03DDD7B3FF}.Debug|Any CPU.Build.0 = Debug|Any CPU
		{03497FA5-59FB-4AC9-844E-BB03DDD7B3FF}.Release|Any CPU.ActiveCfg = Release|Any CPU
		{03497FA5-59FB-4AC9-844E-BB03DDD7B3FF}.Release|Any CPU.Build.0 = Release|Any CPU
	EndGlobalSection
	GlobalSection(SolutionProperties) = preSolution
		HideSolutionNode = FALSE
	EndGlobalSection
	GlobalSection(ExtensibilityGlobals) = postSolution
		SolutionGuid = {BA0EA701-124D-4591-971B-F4ABEB84C522}
	EndGlobalSection
EndGlobal
